
Microsoft Visual Studio Solution File, Format Version 12.00
# Visual Studio Version 17
VisualStudioVersion = 17.5.002.0
MinimumVisualStudioVersion = 10.0.40219.1
Project("{9A19103F-16F7-4668-BE54-9A1E7A4F7556}") = "atmproject", "atmproject.csproj", "{49208B57-2058-42BA-A99A-4FE0DF12DF27}"
EndProject
Global
	GlobalSection(SolutionConfigurationPlatforms) = preSolution
		Debug|Any CPU = Debug|Any CPU
		Release|Any CPU = Release|Any CPU
	EndGlobalSection
	GlobalSection(ProjectConfigurationPlatforms) = postSolution
		{49208B57-2058-42BA-A99A-4FE0DF12DF27}.Debug|Any CPU.ActiveCfg = Debug|Any CPU
		{49208B57-2058-42BA-A99A-4FE0DF12DF27}.Debug|Any CPU.Build.0 = Debug|Any CPU
		{49208B57-2058-42BA-A99A-4FE0DF12DF27}.Release|Any CPU.ActiveCfg = Release|Any CPU
		{49208B57-2058-42BA-A99A-4FE0DF12DF27}.Release|Any CPU.Build.0 = Release|Any CPU
	EndGlobalSection
	GlobalSection(SolutionProperties) = preSolution
		HideSolutionNode = FALSE
	EndGlobalSection
	GlobalSection(ExtensibilityGlobals) = postSolution
		SolutionGuid = {D8A7E199-BF97-4116-A316-9D68AC8EBCAB}
	EndGlobalSection
EndGlobal
